
Microsoft Visual Studio Solution File, Format Version 12.00
# Visual Studio Version 16
VisualStudioVersion = 16.0.30128.74
MinimumVisualStudioVersion = 10.0.40219.1
Project("{8BC9CEB8-8B4A-11D0-8D11-00A0C91BC942}") = "Project1", "Project1.vcxproj", "{E8700360-0332-49E1-BF50-CED62CE80642}"
EndProject
Global
	GlobalSection(SolutionConfigurationPlatforms) = preSolution
		Debug|x64 = Debug|x64
		Debug|x86 = Debug|x86
		Release|x64 = Release|x64
		Release|x86 = Release|x86
	EndGlobalSection
	GlobalSection(ProjectConfigurationPlatforms) = postSolution
		{E8700360-0332-49E1-BF50-CED62CE80642}.Debug|x64.ActiveCfg = Debug|x64
		{E8700360-0332-49E1-BF50-CED62CE80642}.Debug|x64.Build.0 = Debug|x64
		{E8700360-0332-49E1-BF50-CED62CE80642}.Debug|x86.ActiveCfg = Debug|Win32
		{E8700360-0332-49E1-BF50-CED62CE80642}.Debug|x86.Build.0 = Debug|Win32
		{E8700360-0332-49E1-BF50-CED62CE80642}.Release|x64.ActiveCfg = Release|x64
		{E8700360-0332-49E1-BF50-CED62CE80642}.Release|x64.Build.0 = Release|x64
		{E8700360-0332-49E1-BF50-CED62CE80642}.Release|x86.ActiveCfg = Release|Win32
		{E8700360-0332-49E1-BF50-CED62CE80642}.Release|x86.Build.0 = Release|Win32
	EndGlobalSection
	GlobalSection(SolutionProperties) = preSolution
		HideSolutionNode = FALSE
	EndGlobalSection
	GlobalSection(ExtensibilityGlobals) = postSolution
		SolutionGuid = {5AFB6C76-356E-425D-9679-07F92A6D136B}
	EndGlobalSection
EndGlobal
